
Microsoft Visual Studio Solution File, Format Version 12.00
# Visual Studio Version 17
VisualStudioVersion = 17.6.33829.357
MinimumVisualStudioVersion = 10.0.40219.1
Project("{FAE04EC0-301F-11D3-BF4B-00C04F79EFBC}") = "view", "view\view.csproj", "{D1D94ADD-44F5-4B7A-A8FA-E8FAC1295BBB}"
EndProject
Project("{FAE04EC0-301F-11D3-BF4B-00C04F79EFBC}") = "datos", "datos\datos.csproj", "{10D9A569-C7E1-45CA-BE6D-F2E9C8B70C66}"
EndProject
Global
	GlobalSection(SolutionConfigurationPlatforms) = preSolution
		Debug|Any CPU = Debug|Any CPU
		Release|Any CPU = Release|Any CPU
	EndGlobalSection
	GlobalSection(ProjectConfigurationPlatforms) = postSolution
		{D1D94ADD-44F5-4B7A-A8FA-E8FAC1295BBB}.Debug|Any CPU.ActiveCfg = Debug|Any CPU
		{D1D94ADD-44F5-4B7A-A8FA-E8FAC1295BBB}.Debug|Any CPU.Build.0 = Debug|Any CPU
		{D1D94ADD-44F5-4B7A-A8FA-E8FAC1295BBB}.Release|Any CPU.ActiveCfg = Release|Any CPU
		{D1D94ADD-44F5-4B7A-A8FA-E8FAC1295BBB}.Release|Any CPU.Build.0 = Release|Any CPU
		{10D9A569-C7E1-45CA-BE6D-F2E9C8B70C66}.Debug|Any CPU.ActiveCfg = Debug|Any CPU
		{10D9A569-C7E1-45CA-BE6D-F2E9C8B70C66}.Debug|Any CPU.Build.0 = Debug|Any CPU
		{10D9A569-C7E1-45CA-BE6D-F2E9C8B70C66}.Release|Any CPU.ActiveCfg = Release|Any CPU
		{10D9A569-C7E1-45CA-BE6D-F2E9C8B70C66}.Release|Any CPU.Build.0 = Release|Any CPU
	EndGlobalSection
	GlobalSection(SolutionProperties) = preSolution
		HideSolutionNode = FALSE
	EndGlobalSection
	GlobalSection(ExtensibilityGlobals) = postSolution
		SolutionGuid = {EF3B2C21-E605-4379-93BF-DA739FCCC26E}
	EndGlobalSection
EndGlobal
